
Microsoft Visual Studio Solution File, Format Version 11.00
# Visual Studio 2010
Project("{FAE04EC0-301F-11D3-BF4B-00C04F79EFBC}") = "Assembly-CSharp-Editor", "Assembly-CSharp-Editor.csproj", "{5321212b-2e1f-4e79-d0bb-76a0f935ad9b}"
EndProject
Project("{FAE04EC0-301F-11D3-BF4B-00C04F79EFBC}") = "Assembly-CSharp", "Assembly-CSharp.csproj", "{d66b24e9-2c73-e74e-8ec7-189e110a99c9}"
EndProject
Global
	GlobalSection(SolutionConfigurationPlatforms) = preSolution
		Debug|Any CPU = Debug|Any CPU
	EndGlobalSection
	GlobalSection(ProjectConfigurationPlatforms) = postSolution
		{5321212b-2e1f-4e79-d0bb-76a0f935ad9b}.Debug|Any CPU.ActiveCfg = Debug|Any CPU
		{5321212b-2e1f-4e79-d0bb-76a0f935ad9b}.Debug|Any CPU.Build.0 = Debug|Any CPU
		{d66b24e9-2c73-e74e-8ec7-189e110a99c9}.Debug|Any CPU.ActiveCfg = Debug|Any CPU
		{d66b24e9-2c73-e74e-8ec7-189e110a99c9}.Debug|Any CPU.Build.0 = Debug|Any CPU
	EndGlobalSection
	GlobalSection(SolutionProperties) = preSolution
		HideSolutionNode = FALSE
	EndGlobalSection
EndGlobal
